
Microsoft Visual Studio Solution File, Format Version 12.00
# Visual Studio Version 17
VisualStudioVersion = 17.14.36221.1 d17.14
MinimumVisualStudioVersion = 10.0.40219.1
Project("{FAE04EC0-301F-11D3-BF4B-00C04F79EFBC}") = "BlazorStaticPrerender", "BlazorStaticPrerender.csproj", "{58D81220-A503-68AB-C95B-56B9845F397B}"
EndProject
Global
	GlobalSection(SolutionConfigurationPlatforms) = preSolution
		Debug|Any CPU = Debug|Any CPU
		Release|Any CPU = Release|Any CPU
	EndGlobalSection
	GlobalSection(ProjectConfigurationPlatforms) = postSolution
		{58D81220-A503-68AB-C95B-56B9845F397B}.Debug|Any CPU.ActiveCfg = Debug|Any CPU
		{58D81220-A503-68AB-C95B-56B9845F397B}.Debug|Any CPU.Build.0 = Debug|Any CPU
		{58D81220-A503-68AB-C95B-56B9845F397B}.Release|Any CPU.ActiveCfg = Release|Any CPU
		{58D81220-A503-68AB-C95B-56B9845F397B}.Release|Any CPU.Build.0 = Release|Any CPU
	EndGlobalSection
	GlobalSection(SolutionProperties) = preSolution
		HideSolutionNode = FALSE
	EndGlobalSection
	GlobalSection(ExtensibilityGlobals) = postSolution
		SolutionGuid = {FCCCF496-BD45-4426-A890-FF6C206D45C9}
	EndGlobalSection
EndGlobal
